PODS:
  - AWSAuthCore (2.6.25):
    - AWSCore (= 2.6.25)
  - AWSAuthUI (2.6.25):
    - AWSAuthCore (= 2.6.25)
    - AWSCore (= 2.6.25)
  - AWSCognitoIdentityProvider (2.6.25):
    - AWSCognitoIdentityProviderASF (= 1.0.1)
    - AWSCore (= 2.6.25)
  - AWSCognitoIdentityProviderASF (1.0.1)
  - AWSCore (2.6.25)
  - AWSFacebookSignIn (2.6.25):
    - AWSAuthCore (= 2.6.25)
    - FBSDKCoreKit (~> 4.0)
    - FBSDKLoginKit (~> 4.0)
  - AWSMobileClient (2.6.25):
    - AWSAuthCore (= 2.6.25)
  - AWSUserPoolsSignIn (2.6.25):
    - AWSAuthCore (= 2.6.25)
    - AWSCognitoIdentityProvider (= 2.6.25)
  - Bolts (1.9.0):
    - Bolts/AppLinks (= 1.9.0)
    - Bolts/Tasks (= 1.9.0)
  - Bolts/AppLinks (1.9.0):
    - Bolts/Tasks
  - Bolts/Tasks (1.9.0)
  - FBSDKCoreKit (4.35.0):
    - Bolts (~> 1.7)
  - FBSDKLoginKit (4.35.0):
    - FBSDKCoreKit

DEPENDENCIES:
  - AWSAuthUI (~> 2.6.13)
  - AWSFacebookSignIn (~> 2.6.13)
  - AWSMobileClient (~> 2.6.13)
  - AWSUserPoolsSignIn (~> 2.6.13)

SPEC REPOS:
  https://github.com/cocoapods/specs.git:
    - AWSAuthCore
    - AWSAuthUI
    - AWSCognitoIdentityProvider
    - AWSCognitoIdentityProviderASF
    - AWSCore
    - AWSFacebookSignIn
    - AWSMobileClient
    - AWSUserPoolsSignIn
    - Bolts
    - FBSDKCoreKit
    - FBSDKLoginKit

SPEC CHECKSUMS:
  AWSAuthCore: ee797576ca94ef45b48cbf40bb113944791a09ab
  AWSAuthUI: 45a637989cb188f504ac21152198f06cd2ccfc2c
  AWSCognitoIdentityProvider: 4a417e3f669c310253be85b0b0d884e144758761
  AWSCognitoIdentityProviderASF: f94f1a502e72ef3d0a1de93e10bf7a79c8698118
  AWSCore: 93ac57c361f6ff9c0749adf9404c4a1a1ecdaa2b
  AWSFacebookSignIn: 80dcad7514073e07a62f7e716576f2c6fa69e23c
  AWSMobileClient: 89f45bf39e73dedc2c9ce673146167e2009e8200
  AWSUserPoolsSignIn: 973edde05954dac3069e32c059c24495d9fb9134
  Bolts: ac6567323eac61e203f6a9763667d0f711be34c8
  FBSDKCoreKit: 1a5b2e3ceb5ca827a53c54aa5f4a3480efff80d2
  FBSDKLoginKit: 00a3d65d1226852f9d76dcddff01981e5e6d9c38

PODFILE CHECKSUM: 87f8706308e107432f8d06ad202f247e4f54144d

COCOAPODS: 1.5.3
