// !$*UTF8*$!
{
	archiveVersion = 1;
	classes = {
	};
	objectVersion = 50;
	objects = {

/* Begin PBXBuildFile section */
		224A5C0E28C0616CA8FADF26 /* Pods_Radius.framework in Frameworks */ = {isa = PBXBuildFile; fileRef = 28D78C44502AB8332F1842BA /* Pods_Radius.framework */; };
		CF3798A2210F6DD500EF2415 /* AppDelegate.swift in Sources */ = {isa = PBXBuildFile; fileRef = CF3798A1210F6DD500EF2415 /* AppDelegate.swift */; };
		CF3798A4210F6DD500EF2415 /* FirstViewController.swift in Sources */ = {isa = PBXBuildFile; fileRef = CF3798A3210F6DD500EF2415 /* FirstViewController.swift */; };
		CF3798A6210F6DD500EF2415 /* SecondViewController.swift in Sources */ = {isa = PBXBuildFile; fileRef = CF3798A5210F6DD500EF2415 /* SecondViewController.swift */; };
		CF3798A9210F6DD500EF2415 /* Main.storyboard in Resources */ = {isa = PBXBuildFile; fileRef = CF3798A7210F6DD500EF2415 /* Main.storyboard */; };
		CF3798AB210F6DD700EF2415 /* Assets.xcassets in Resources */ = {isa = PBXBuildFile; fileRef = CF3798AA210F6DD700EF2415 /* Assets.xcassets */; };
		CF3798AE210F6DD700EF2415 /* LaunchScreen.storyboard in Resources */ = {isa = PBXBuildFile; fileRef = CF3798AC210F6DD700EF2415 /* LaunchScreen.storyboard */; };
		CF83063B21113DC800C46077 /* awsconfiguration.json in Resources */ = {isa = PBXBuildFile; fileRef = CF83063A21113DC800C46077 /* awsconfiguration.json */; };
		CFE0AB1B211257FA008F2FD4 /* CoreLocation.framework in Frameworks */ = {isa = PBXBuildFile; fileRef = CFE0AB1A211257FA008F2FD4 /* CoreLocation.framework */; };
		CFE0AB1D21125806008F2FD4 /* AWSAuthCore.framework in Frameworks */ = {isa = PBXBuildFile; fileRef = CFE0AB1C21125806008F2FD4 /* AWSAuthCore.framework */; };
		CFE0AB1F21125806008F2FD4 /* AWSAuthUI.framework in Frameworks */ = {isa = PBXBuildFile; fileRef = CFE0AB1E21125806008F2FD4 /* AWSAuthUI.framework */; };
		CFE0AB2121125806008F2FD4 /* AWSCognitoIdentityProvider.framework in Frameworks */ = {isa = PBXBuildFile; fileRef = CFE0AB2021125806008F2FD4 /* AWSCognitoIdentityProvider.framework */; };
		CFE0AB2321125806008F2FD4 /* AWSCognitoIdentityProviderASF.framework in Frameworks */ = {isa = PBXBuildFile; fileRef = CFE0AB2221125806008F2FD4 /* AWSCognitoIdentityProviderASF.framework */; };
		CFE0AB2521125806008F2FD4 /* AWSCore.framework in Frameworks */ = {isa = PBXBuildFile; fileRef = CFE0AB2421125806008F2FD4 /* AWSCore.framework */; };
		CFE0AB2721125806008F2FD4 /* AWSMobileClient.framework in Frameworks */ = {isa = PBXBuildFile; fileRef = CFE0AB2621125806008F2FD4 /* AWSMobileClient.framework */; };
		CFE0AB2921125806008F2FD4 /* AWSPinpoint.framework in Frameworks */ = {isa = PBXBuildFile; fileRef = CFE0AB2821125806008F2FD4 /* AWSPinpoint.framework */; };
		CFE0AB2B21125806008F2FD4 /* AWSUserPoolsSignIn.framework in Frameworks */ = {isa = PBXBuildFile; fileRef = CFE0AB2A21125806008F2FD4 /* AWSUserPoolsSignIn.framework */; };
/* End PBXBuildFile section */

/* Begin PBXFileReference section */
		28D78C44502AB8332F1842BA /* Pods_Radius.framework */ = {isa = PBXFileReference; explicitFileType = wrapper.framework; includeInIndex = 0; path = Pods_Radius.framework; sourceTree = BUILT_PRODUCTS_DIR; };
		CF37989E210F6DD500EF2415 /* Radius.app */ = {isa = PBXFileReference; explicitFileType = wrapper.application; includeInIndex = 0; path = Radius.app; sourceTree = BUILT_PRODUCTS_DIR; };
		CF3798A1210F6DD500EF2415 /* AppDelegate.swift */ = {isa = PBXFileReference; lastKnownFileType = sourcecode.swift; path = AppDelegate.swift; sourceTree = "<group>"; };
		CF3798A3210F6DD500EF2415 /* FirstViewController.swift */ = {isa = PBXFileReference; lastKnownFileType = sourcecode.swift; path = FirstViewController.swift; sourceTree = "<group>"; };
		CF3798A5210F6DD500EF2415 /* SecondViewController.swift */ = {isa = PBXFileReference; lastKnownFileType = sourcecode.swift; path = SecondViewController.swift; sourceTree = "<group>"; };
		CF3798A8210F6DD500EF2415 /* Base */ = {isa = PBXFileReference; lastKnownFileType = file.storyboard; name = Base; path = Base.lproj/Main.storyboard; sourceTree = "<group>"; };
		CF3798AA210F6DD700EF2415 /* Assets.xcassets */ = {isa = PBXFileReference; lastKnownFileType = folder.assetcatalog; path = Assets.xcassets; sourceTree = "<group>"; };
		CF3798AD210F6DD700EF2415 /* Base */ = {isa = PBXFileReference; lastKnownFileType = file.storyboard; name = Base; path = Base.lproj/LaunchScreen.storyboard; sourceTree = "<group>"; };
		CF3798AF210F6DD700EF2415 /* Info.plist */ = {isa = PBXFileReference; lastKnownFileType = text.plist.xml; path = Info.plist; sourceTree = "<group>"; };
		CF83063A21113DC800C46077 /* awsconfiguration.json */ = {isa = PBXFileReference; fileEncoding = 4; lastKnownFileType = text.json; path = awsconfiguration.json; sourceTree = "<group>"; };
		CFE0AB1A211257FA008F2FD4 /* CoreLocation.framework */ = {isa = PBXFileReference; lastKnownFileType = wrapper.framework; name = CoreLocation.framework; path = System/Library/Frameworks/CoreLocation.framework; sourceTree = SDKROOT; };
		CFE0AB1C21125806008F2FD4 /* AWSAuthCore.framework */ = {isa = PBXFileReference; explicitFileType = wrapper.framework; path = AWSAuthCore.framework; sourceTree = BUILT_PRODUCTS_DIR; };
		CFE0AB1E21125806008F2FD4 /* AWSAuthUI.framework */ = {isa = PBXFileReference; explicitFileType = wrapper.framework; path = AWSAuthUI.framework; sourceTree = BUILT_PRODUCTS_DIR; };
		CFE0AB2021125806008F2FD4 /* AWSCognitoIdentityProvider.framework */ = {isa = PBXFileReference; explicitFileType = wrapper.framework; path = AWSCognitoIdentityProvider.framework; sourceTree = BUILT_PRODUCTS_DIR; };
		CFE0AB2221125806008F2FD4 /* AWSCognitoIdentityProviderASF.framework */ = {isa = PBXFileReference; explicitFileType = wrapper.framework; path = AWSCognitoIdentityProviderASF.framework; sourceTree = BUILT_PRODUCTS_DIR; };
		CFE0AB2421125806008F2FD4 /* AWSCore.framework */ = {isa = PBXFileReference; explicitFileType = wrapper.framework; path = AWSCore.framework; sourceTree = BUILT_PRODUCTS_DIR; };
		CFE0AB2621125806008F2FD4 /* AWSMobileClient.framework */ = {isa = PBXFileReference; explicitFileType = wrapper.framework; path = AWSMobileClient.framework; sourceTree = BUILT_PRODUCTS_DIR; };
		CFE0AB2821125806008F2FD4 /* AWSPinpoint.framework */ = {isa = PBXFileReference; explicitFileType = wrapper.framework; path = AWSPinpoint.framework; sourceTree = BUILT_PRODUCTS_DIR; };
		CFE0AB2A21125806008F2FD4 /* AWSUserPoolsSignIn.framework */ = {isa = PBXFileReference; explicitFileType = wrapper.framework; path = AWSUserPoolsSignIn.framework; sourceTree = BUILT_PRODUCTS_DIR; };
		FC1AC5D1D914C7CFDECDEF14 /* Pods-Radius.debug.xcconfig */ = {isa = PBXFileReference; includeInIndex = 1; lastKnownFileType = text.xcconfig; name = "Pods-Radius.debug.xcconfig"; path = "Pods/Target Support Files/Pods-Radius/Pods-Radius.debug.xcconfig"; sourceTree = "<group>"; };
		FF5A9FC5E69A9B4F3F86D3B9 /* Pods-Radius.release.xcconfig */ = {isa = PBXFileReference; includeInIndex = 1; lastKnownFileType = text.xcconfig; name = "Pods-Radius.release.xcconfig"; path = "Pods/Target Support Files/Pods-Radius/Pods-Radius.release.xcconfig"; sourceTree = "<group>"; };
/* End PBXFileReference section */

/* Begin PBXFrameworksBuildPhase section */
		CF37989B210F6DD500EF2415 /* Frameworks */ = {
			isa = PBXFrameworksBuildPhase;
			buildActionMask = 2147483647;
			files = (
				CFE0AB1D21125806008F2FD4 /* AWSAuthCore.framework in Frameworks */,
				CFE0AB1F21125806008F2FD4 /* AWSAuthUI.framework in Frameworks */,
				CFE0AB2121125806008F2FD4 /* AWSCognitoIdentityProvider.framework in Frameworks */,
				CFE0AB2321125806008F2FD4 /* AWSCognitoIdentityProviderASF.framework in Frameworks */,
				CFE0AB2521125806008F2FD4 /* AWSCore.framework in Frameworks */,
				CFE0AB2721125806008F2FD4 /* AWSMobileClient.framework in Frameworks */,
				CFE0AB2921125806008F2FD4 /* AWSPinpoint.framework in Frameworks */,
				CFE0AB2B21125806008F2FD4 /* AWSUserPoolsSignIn.framework in Frameworks */,
				CFE0AB1B211257FA008F2FD4 /* CoreLocation.framework in Frameworks */,
				224A5C0E28C0616CA8FADF26 /* Pods_Radius.framework in Frameworks */,
			);
			runOnlyForDeploymentPostprocessing = 0;
		};
/* End PBXFrameworksBuildPhase section */

/* Begin PBXGroup section */
		4C14E3649B56C08F49B853EB /* Frameworks */ = {
			isa = PBXGroup;
			children = (
				CFE0AB1C21125806008F2FD4 /* AWSAuthCore.framework */,
				CFE0AB1E21125806008F2FD4 /* AWSAuthUI.framework */,
				CFE0AB2021125806008F2FD4 /* AWSCognitoIdentityProvider.framework */,
				CFE0AB2221125806008F2FD4 /* AWSCognitoIdentityProviderASF.framework */,
				CFE0AB2421125806008F2FD4 /* AWSCore.framework */,
				CFE0AB2621125806008F2FD4 /* AWSMobileClient.framework */,
				CFE0AB2821125806008F2FD4 /* AWSPinpoint.framework */,
				CFE0AB2A21125806008F2FD4 /* AWSUserPoolsSignIn.framework */,
				CFE0AB1A211257FA008F2FD4 /* CoreLocation.framework */,
				28D78C44502AB8332F1842BA /* Pods_Radius.framework */,
			);
			name = Frameworks;
			sourceTree = "<group>";
		};
		B7DACA03A1F87A502144DA32 /* Pods */ = {
			isa = PBXGroup;
			children = (
				FC1AC5D1D914C7CFDECDEF14 /* Pods-Radius.debug.xcconfig */,
				FF5A9FC5E69A9B4F3F86D3B9 /* Pods-Radius.release.xcconfig */,
			);
			name = Pods;
			sourceTree = "<group>";
		};
		CF379895210F6DD500EF2415 = {
			isa = PBXGroup;
			children = (
				CF3798A0210F6DD500EF2415 /* Radius */,
				CF37989F210F6DD500EF2415 /* Products */,
				B7DACA03A1F87A502144DA32 /* Pods */,
				4C14E3649B56C08F49B853EB /* Frameworks */,
			);
			sourceTree = "<group>";
		};
		CF37989F210F6DD500EF2415 /* Products */ = {
			isa = PBXGroup;
			children = (
				CF37989E210F6DD500EF2415 /* Radius.app */,
			);
			name = Products;
			sourceTree = "<group>";
		};
		CF3798A0210F6DD500EF2415 /* Radius */ = {
			isa = PBXGroup;
			children = (
				CF83063A21113DC800C46077 /* awsconfiguration.json */,
				CF3798A1210F6DD500EF2415 /* AppDelegate.swift */,
				CF3798A3210F6DD500EF2415 /* FirstViewController.swift */,
				CF3798A5210F6DD500EF2415 /* SecondViewController.swift */,
				CF3798A7210F6DD500EF2415 /* Main.storyboard */,
				CF3798AA210F6DD700EF2415 /* Assets.xcassets */,
				CF3798AC210F6DD700EF2415 /* LaunchScreen.storyboard */,
				CF3798AF210F6DD700EF2415 /* Info.plist */,
			);
			path = Radius;
			sourceTree = "<group>";
		};
/* End PBXGroup section */

/* Begin PBXNativeTarget section */
		CF37989D210F6DD500EF2415 /* Radius */ = {
			isa = PBXNativeTarget;
			buildConfigurationList = CF3798B2210F6DD700EF2415 /* Build configuration list for PBXNativeTarget "Radius" */;
			buildPhases = (
				ADB8E8A057EAF5B844AC44B9 /* [CP] Check Pods Manifest.lock */,
				CF37989A210F6DD500EF2415 /* Sources */,
				CF37989B210F6DD500EF2415 /* Frameworks */,
				CF37989C210F6DD500EF2415 /* Resources */,
				7D7D3B30E04E6F13CE49A222 /* [CP] Embed Pods Frameworks */,
			);
			buildRules = (
			);
			dependencies = (
			);
			name = Radius;
			productName = Radius;
			productReference = CF37989E210F6DD500EF2415 /* Radius.app */;
			productType = "com.apple.product-type.application";
		};
/* End PBXNativeTarget section */

/* Begin PBXProject section */
		CF379896210F6DD500EF2415 /* Project object */ = {
			isa = PBXProject;
			attributes = {
				LastSwiftUpdateCheck = 0940;
				LastUpgradeCheck = 0940;
				ORGANIZATIONNAME = "Rainy Vibes";
				TargetAttributes = {
					CF37989D210F6DD500EF2415 = {
						CreatedOnToolsVersion = 9.4.1;
					};
				};
			};
			buildConfigurationList = CF379899210F6DD500EF2415 /* Build configuration list for PBXProject "Radius" */;
			compatibilityVersion = "Xcode 9.3";
			developmentRegion = en;
			hasScannedForEncodings = 0;
			knownRegions = (
				en,
				Base,
			);
			mainGroup = CF379895210F6DD500EF2415;
			productRefGroup = CF37989F210F6DD500EF2415 /* Products */;
			projectDirPath = "";
			projectRoot = "";
			targets = (
				CF37989D210F6DD500EF2415 /* Radius */,
			);
		};
/* End PBXProject section */

/* Begin PBXResourcesBuildPhase section */
		CF37989C210F6DD500EF2415 /* Resources */ = {
			isa = PBXResourcesBuildPhase;
			buildActionMask = 2147483647;
			files = (
				CF83063B21113DC800C46077 /* awsconfiguration.json in Resources */,
				CF3798AE210F6DD700EF2415 /* LaunchScreen.storyboard in Resources */,
				CF3798AB210F6DD700EF2415 /* Assets.xcassets in Resources */,
				CF3798A9210F6DD500EF2415 /* Main.storyboard in Resources */,
			);
			runOnlyForDeploymentPostprocessing = 0;
		};
/* End PBXResourcesBuildPhase section */

/* Begin PBXShellScriptBuildPhase section */
		7D7D3B30E04E6F13CE49A222 /* [CP] Embed Pods Frameworks */ = {
			isa = PBXShellScriptBuildPhase;
			buildActionMask = 2147483647;
			files = (
			);
			inputPaths = (
				"${SRCROOT}/Pods/Target Support Files/Pods-Radius/Pods-Radius-frameworks.sh",
				"${BUILT_PRODUCTS_DIR}/AWSAuthCore/AWSAuthCore.framework",
				"${BUILT_PRODUCTS_DIR}/AWSAuthUI/AWSAuthUI.framework",
				"${BUILT_PRODUCTS_DIR}/AWSCognitoIdentityProvider/AWSCognitoIdentityProvider.framework",
				"${BUILT_PRODUCTS_DIR}/AWSCognitoIdentityProviderASF/AWSCognitoIdentityProviderASF.framework",
				"${BUILT_PRODUCTS_DIR}/AWSCore/AWSCore.framework",
				"${BUILT_PRODUCTS_DIR}/AWSMobileClient/AWSMobileClient.framework",
				"${BUILT_PRODUCTS_DIR}/AWSPinpoint/AWSPinpoint.framework",
				"${BUILT_PRODUCTS_DIR}/AWSUserPoolsSignIn/AWSUserPoolsSignIn.framework",
			);
			name = "[CP] Embed Pods Frameworks";
			outputPaths = (
				"${TARGET_BUILD_DIR}/${FRAMEWORKS_FOLDER_PATH}/AWSAuthCore.framework",
				"${TARGET_BUILD_DIR}/${FRAMEWORKS_FOLDER_PATH}/AWSAuthUI.framework",
				"${TARGET_BUILD_DIR}/${FRAMEWORKS_FOLDER_PATH}/AWSCognitoIdentityProvider.framework",
				"${TARGET_BUILD_DIR}/${FRAMEWORKS_FOLDER_PATH}/AWSCognitoIdentityProviderASF.framework",
				"${TARGET_BUILD_DIR}/${FRAMEWORKS_FOLDER_PATH}/AWSCore.framework",
				"${TARGET_BUILD_DIR}/${FRAMEWORKS_FOLDER_PATH}/AWSMobileClient.framework",
				"${TARGET_BUILD_DIR}/${FRAMEWORKS_FOLDER_PATH}/AWSPinpoint.framework",
				"${TARGET_BUILD_DIR}/${FRAMEWORKS_FOLDER_PATH}/AWSUserPoolsSignIn.framework",
			);
			runOnlyForDeploymentPostprocessing = 0;
			shellPath = /bin/sh;
			shellScript = "\"${SRCROOT}/Pods/Target Support Files/Pods-Radius/Pods-Radius-frameworks.sh\"\n";
			showEnvVarsInLog = 0;
		};
		ADB8E8A057EAF5B844AC44B9 /* [CP] Check Pods Manifest.lock */ = {
			isa = PBXShellScriptBuildPhase;
			buildActionMask = 2147483647;
			files = (
			);
			inputPaths = (
				"${PODS_PODFILE_DIR_PATH}/Podfile.lock",
				"${PODS_ROOT}/Manifest.lock",
			);
			name = "[CP] Check Pods Manifest.lock";
			outputPaths = (
				"$(DERIVED_FILE_DIR)/Pods-Radius-checkManifestLockResult.txt",
			);
			runOnlyForDeploymentPostprocessing = 0;
			shellPath = /bin/sh;
			shellScript = "diff \"${PODS_PODFILE_DIR_PATH}/Podfile.lock\" \"${PODS_ROOT}/Manifest.lock\" > /dev/null\nif [ $? != 0 ] ; then\n    # print error to STDERR\n    echo \"error: The sandbox is not in sync with the Podfile.lock. Run 'pod install' or update your CocoaPods installation.\" >&2\n    exit 1\nfi\n# This output is used by Xcode 'outputs' to avoid re-running this script phase.\necho \"SUCCESS\" > \"${SCRIPT_OUTPUT_FILE_0}\"\n";
			showEnvVarsInLog = 0;
		};
/* End PBXShellScriptBuildPhase section */

/* Begin PBXSourcesBuildPhase section */
		CF37989A210F6DD500EF2415 /* Sources */ = {
			isa = PBXSourcesBuildPhase;
			buildActionMask = 2147483647;
			files = (
				CF3798A6210F6DD500EF2415 /* SecondViewController.swift in Sources */,
				CF3798A2210F6DD500EF2415 /* AppDelegate.swift in Sources */,
				CF3798A4210F6DD500EF2415 /* FirstViewController.swift in Sources */,
			);
			runOnlyForDeploymentPostprocessing = 0;
		};
/* End PBXSourcesBuildPhase section */

/* Begin PBXVariantGroup section */
		CF3798A7210F6DD500EF2415 /* Main.storyboard */ = {
			isa = PBXVariantGroup;
			children = (
				CF3798A8210F6DD500EF2415 /* Base */,
			);
			name = Main.storyboard;
			sourceTree = "<group>";
		};
		CF3798AC210F6DD700EF2415 /* LaunchScreen.storyboard */ = {
			isa = PBXVariantGroup;
			children = (
				CF3798AD210F6DD700EF2415 /* Base */,
			);
			name = LaunchScreen.storyboard;
			sourceTree = "<group>";
		};
/* End PBXVariantGroup section */

/* Begin XCBuildConfiguration section */
		CF3798B0210F6DD700EF2415 /* Debug */ = {
			isa = XCBuildConfiguration;
			buildSettings = {
				ALWAYS_SEARCH_USER_PATHS = NO;
				CLANG_ANALYZER_NONNULL = YES;
				CLANG_ANALYZER_NUMBER_OBJECT_CONVERSION = YES_AGGRESSIVE;
				CLANG_CXX_LANGUAGE_STANDARD = "gnu++14";
				CLANG_CXX_LIBRARY = "libc++";
				CLANG_ENABLE_MODULES = YES;
				CLANG_ENABLE_OBJC_ARC = YES;
				CLANG_ENABLE_OBJC_WEAK = YES;
				CLANG_WARN_BLOCK_CAPTURE_AUTORELEASING = YES;
				CLANG_WARN_BOOL_CONVERSION = YES;
				CLANG_WARN_COMMA = YES;
				CLANG_WARN_CONSTANT_CONVERSION = YES;
				CLANG_WARN_DEPRECATED_OBJC_IMPLEMENTATIONS = YES;
				CLANG_WARN_DIRECT_OBJC_ISA_USAGE = YES_ERROR;
				CLANG_WARN_DOCUMENTATION_COMMENTS = YES;
				CLANG_WARN_EMPTY_BODY = YES;
				CLANG_WARN_ENUM_CONVERSION = YES;
				CLANG_WARN_INFINITE_RECURSION = YES;
				CLANG_WARN_INT_CONVERSION = YES;
				CLANG_WARN_NON_LITERAL_NULL_CONVERSION = YES;
				CLANG_WARN_OBJC_IMPLICIT_RETAIN_SELF = YES;
				CLANG_WARN_OBJC_LITERAL_CONVERSION = YES;
				CLANG_WARN_OBJC_ROOT_CLASS = YES_ERROR;
				CLANG_WARN_RANGE_LOOP_ANALYSIS = YES;
				CLANG_WARN_STRICT_PROTOTYPES = YES;
				CLANG_WARN_SUSPICIOUS_MOVE = YES;
				CLANG_WARN_UNGUARDED_AVAILABILITY = YES_AGGRESSIVE;
				CLANG_WARN_UNREACHABLE_CODE = YES;
				CLANG_WARN__DUPLICATE_METHOD_MATCH = YES;
				CODE_SIGN_IDENTITY = "iPhone Developer";
				COPY_PHASE_STRIP = NO;
				DEBUG_INFORMATION_FORMAT = dwarf;
				ENABLE_STRICT_OBJC_MSGSEND = YES;
				ENABLE_TESTABILITY = YES;
				GCC_C_LANGUAGE_STANDARD = gnu11;
				GCC_DYNAMIC_NO_PIC = NO;
				GCC_NO_COMMON_BLOCKS = YES;
				GCC_OPTIMIZATION_LEVEL = 0;
				GCC_PREPROCESSOR_DEFINITIONS = (
					"DEBUG=1",
					"$(inherited)",
				);
				GCC_WARN_64_TO_32_BIT_CONVERSION = YES;
				GCC_WARN_ABOUT_RETURN_TYPE = YES_ERROR;
				GCC_WARN_UNDECLARED_SELECTOR = YES;
				GCC_WARN_UNINITIALIZED_AUTOS = YES_AGGRESSIVE;
				GCC_WARN_UNUSED_FUNCTION = YES;
				GCC_WARN_UNUSED_VARIABLE = YES;
				IPHONEOS_DEPLOYMENT_TARGET = 11.0;
				MTL_ENABLE_DEBUG_INFO = YES;
				ONLY_ACTIVE_ARCH = YES;
				SDKROOT = iphoneos;
				SWIFT_ACTIVE_COMPILATION_CONDITIONS = DEBUG;
				SWIFT_OPTIMIZATION_LEVEL = "-Onone";
			};
			name = Debug;
		};
		CF3798B1210F6DD700EF2415 /* Release */ = {
			isa = XCBuildConfiguration;
			buildSettings = {
				ALWAYS_SEARCH_USER_PATHS = NO;
				CLANG_ANALYZER_NONNULL = YES;
				CLANG_ANALYZER_NUMBER_OBJECT_CONVERSION = YES_AGGRESSIVE;
				CLANG_CXX_LANGUAGE_STANDARD = "gnu++14";
				CLANG_CXX_LIBRARY = "libc++";
				CLANG_ENABLE_MODULES = YES;
				CLANG_ENABLE_OBJC_ARC = YES;
				CLANG_ENABLE_OBJC_WEAK = YES;
				CLANG_WARN_BLOCK_CAPTURE_AUTORELEASING = YES;
				CLANG_WARN_BOOL_CONVERSION = YES;
				CLANG_WARN_COMMA = YES;
				CLANG_WARN_CONSTANT_CONVERSION = YES;
				CLANG_WARN_DEPRECATED_OBJC_IMPLEMENTATIONS = YES;
				CLANG_WARN_DIRECT_OBJC_ISA_USAGE = YES_ERROR;
				CLANG_WARN_DOCUMENTATION_COMMENTS = YES;
				CLANG_WARN_EMPTY_BODY = YES;
				CLANG_WARN_ENUM_CONVERSION = YES;
				CLANG_WARN_INFINITE_RECURSION = YES;
				CLANG_WARN_INT_CONVERSION = YES;
				CLANG_WARN_NON_LITERAL_NULL_CONVERSION = YES;
				CLANG_WARN_OBJC_IMPLICIT_RETAIN_SELF = YES;
				CLANG_WARN_OBJC_LITERAL_CONVERSION = YES;
				CLANG_WARN_OBJC_ROOT_CLASS = YES_ERROR;
				CLANG_WARN_RANGE_LOOP_ANALYSIS = YES;
				CLANG_WARN_STRICT_PROTOTYPES = YES;
				CLANG_WARN_SUSPICIOUS_MOVE = YES;
				CLANG_WARN_UNGUARDED_AVAILABILITY = YES_AGGRESSIVE;
				CLANG_WARN_UNREACHABLE_CODE = YES;
				CLANG_WARN__DUPLICATE_METHOD_MATCH = YES;
				CODE_SIGN_IDENTITY = "iPhone Developer";
				COPY_PHASE_STRIP = NO;
				DEBUG_INFORMATION_FORMAT = "dwarf-with-dsym";
				ENABLE_NS_ASSERTIONS = NO;
				ENABLE_STRICT_OBJC_MSGSEND = YES;
				GCC_C_LANGUAGE_STANDARD = gnu11;
				GCC_NO_COMMON_BLOCKS = YES;
				GCC_WARN_64_TO_32_BIT_CONVERSION = YES;
				GCC_WARN_ABOUT_RETURN_TYPE = YES_ERROR;
				GCC_WARN_UNDECLARED_SELECTOR = YES;
				GCC_WARN_UNINITIALIZED_AUTOS = YES_AGGRESSIVE;
				GCC_WARN_UNUSED_FUNCTION = YES;
				GCC_WARN_UNUSED_VARIABLE = YES;
				IPHONEOS_DEPLOYMENT_TARGET = 11.0;
				MTL_ENABLE_DEBUG_INFO = NO;
				SDKROOT = iphoneos;
				SWIFT_COMPILATION_MODE = wholemodule;
				SWIFT_OPTIMIZATION_LEVEL = "-O";
				VALIDATE_PRODUCT = YES;
			};
			name = Release;
		};
		CF3798B3210F6DD700EF2415 /* Debug */ = {
			isa = XCBuildConfiguration;
			baseConfigurationReference = FC1AC5D1D914C7CFDECDEF14 /* Pods-Radius.debug.xcconfig */;
			buildSettings = {
				ASSETCATALOG_COMPILER_APPICON_NAME = AppIcon;
				CODE_SIGN_STYLE = Automatic;
				DEVELOPMENT_TEAM = 7YN7P825ZC;
				INFOPLIST_FILE = Radius/Info.plist;
				LD_RUNPATH_SEARCH_PATHS = (
					"$(inherited)",
					"@executable_path/Frameworks",
				);
				PRODUCT_BUNDLE_IDENTIFIER = com.rainyvibes.Radius;
				PRODUCT_NAME = "$(TARGET_NAME)";
				SWIFT_VERSION = 4.0;
				TARGETED_DEVICE_FAMILY = "1,2";
			};
			name = Debug;
		};
		CF3798B4210F6DD700EF2415 /* Release */ = {
			isa = XCBuildConfiguration;
			baseConfigurationReference = FF5A9FC5E69A9B4F3F86D3B9 /* Pods-Radius.release.xcconfig */;
			buildSettings = {
				ASSETCATALOG_COMPILER_APPICON_NAME = AppIcon;
				CODE_SIGN_STYLE = Automatic;
				DEVELOPMENT_TEAM = 7YN7P825ZC;
				INFOPLIST_FILE = Radius/Info.plist;
				LD_RUNPATH_SEARCH_PATHS = (
					"$(inherited)",
					"@executable_path/Frameworks",
				);
				PRODUCT_BUNDLE_IDENTIFIER = com.rainyvibes.Radius;
				PRODUCT_NAME = "$(TARGET_NAME)";
				SWIFT_VERSION = 4.0;
				TARGETED_DEVICE_FAMILY = "1,2";
			};
			name = Release;
		};
/* End XCBuildConfiguration section */

/* Begin XCConfigurationList section */
		CF379899210F6DD500EF2415 /* Build configuration list for PBXProject "Radius" */ = {
			isa = XCConfigurationList;
			buildConfigurations = (
				CF3798B0210F6DD700EF2415 /* Debug */,
				CF3798B1210F6DD700EF2415 /* Release */,
			);
			defaultConfigurationIsVisible = 0;
			defaultConfigurationName = Release;
		};
		CF3798B2210F6DD700EF2415 /* Build configuration list for PBXNativeTarget "Radius" */ = {
			isa = XCConfigurationList;
			buildConfigurations = (
				CF3798B3210F6DD700EF2415 /* Debug */,
				CF3798B4210F6DD700EF2415 /* Release */,
			);
			defaultConfigurationIsVisible = 0;
			defaultConfigurationName = Release;
		};
/* End XCConfigurationList section */
	};
	rootObject = CF379896210F6DD500EF2415 /* Project object */;
}
